
Microsoft Visual Studio Solution File, Format Version 12.00
# Visual Studio 15
VisualStudioVersion = 15.0.27703.2026
MinimumVisualStudioVersion = 10.0.40219.1
Project("{FAE04EC0-301F-11D3-BF4B-00C04F79EFBC}") = "GraphSearchingAlghorithmsGUI", "GraphSearchingAlghorithmsGUI\GraphSearchingAlghorithmsGUI.csproj", "{2488C8A2-B5B9-4DDE-B0C1-C3E6BFD5BF7E}"
EndProject
Global
	GlobalSection(SolutionConfigurationPlatforms) = preSolution
		Debug|Any CPU = Debug|Any CPU
		Release|Any CPU = Release|Any CPU
	EndGlobalSection
	GlobalSection(ProjectConfigurationPlatforms) = postSolution
		{2488C8A2-B5B9-4DDE-B0C1-C3E6BFD5BF7E}.Debug|Any CPU.ActiveCfg = Debug|Any CPU
		{2488C8A2-B5B9-4DDE-B0C1-C3E6BFD5BF7E}.Debug|Any CPU.Build.0 = Debug|Any CPU
		{2488C8A2-B5B9-4DDE-B0C1-C3E6BFD5BF7E}.Release|Any CPU.ActiveCfg = Release|Any CPU
		{2488C8A2-B5B9-4DDE-B0C1-C3E6BFD5BF7E}.Release|Any CPU.Build.0 = Release|Any CPU
	EndGlobalSection
	GlobalSection(SolutionProperties) = preSolution
		HideSolutionNode = FALSE
	EndGlobalSection
	GlobalSection(ExtensibilityGlobals) = postSolution
		SolutionGuid = {88EACD88-0FF7-493B-AE75-39CB33A89122}
	EndGlobalSection
EndGlobal
